# This file was autogenerated by Stack.
# You should not edit this file by hand.
# For more information, please see the documentation at:
#   https://docs.haskellstack.org/en/stable/lock_files

packages:
- completed:
    hackage: parsec-numbers-0.1.0@sha256:60fa05b1c16050dffd0e28cecb682a021eeec1be6f34dc9d901a38c90182f289,727
    pantry-tree:
      size: 281
      sha256: 436569c1d85f65785085f9f58ca44064001fb6f68b5cfe30670574ba45644f4c
  original:
    hackage: parsec-numbers-0.1.0@sha256:60fa05b1c16050dffd0e28cecb682a021eeec1be6f34dc9d901a38c90182f289,727
snapshots:
- completed:
    size: 524104
    url: https://raw.githubusercontent.com/commercialhaskell/stackage-snapshots/master/lts/14/5.yaml
    sha256: 3c146eebc1b383211ea49d5422fb3d63d699da12307b4bc989107300eb579d60
  original: lts-14.5
